// !$*UTF8*$!
{
	archiveVersion = 1;
	classes = {
	};
	objectVersion = 56;
	objects = {

/* Begin PBXBuildFile section */
		2C06ED522B28C25700C44223 /* TrackListRouter.swift in Sources */ = {isa = PBXBuildFile; fileRef = 2C06ED512B28C25700C44223 /* TrackListRouter.swift */; };
		2C06ED542B29FD4A00C44223 /* TrackListAssembly.swift in Sources */ = {isa = PBXBuildFile; fileRef = 2C06ED532B29FD4A00C44223 /* TrackListAssembly.swift */; };
		2C06ED5E2B2B5AD800C44223 /* PlayerRouter.swift in Sources */ = {isa = PBXBuildFile; fileRef = 2C06ED5D2B2B5AD800C44223 /* PlayerRouter.swift */; };
		2C06ED612B2B751000C44223 /* track5.mp3 in Resources */ = {isa = PBXBuildFile; fileRef = 2C06ED602B2B751000C44223 /* track5.mp3 */; };
		2C0E86B82B1C42970067E7BE /* PlayerViewModel.swift in Sources */ = {isa = PBXBuildFile; fileRef = 2C0E86B72B1C42970067E7BE /* PlayerViewModel.swift */; };
		2C0E86BA2B1C541E0067E7BE /* PlayerAssembly.swift in Sources */ = {isa = PBXBuildFile; fileRef = 2C0E86B92B1C541E0067E7BE /* PlayerAssembly.swift */; };
		2C463D642B24CB69002FC3BF /* PlayerService.swift in Sources */ = {isa = PBXBuildFile; fileRef = 2C463D632B24CB69002FC3BF /* PlayerService.swift */; };
		2CA4933C2B1A32F9007772F8 /* AppDelegate.swift in Sources */ = {isa = PBXBuildFile; fileRef = 2CA4933B2B1A32F9007772F8 /* AppDelegate.swift */; };
		2CA493402B1A32F9007772F8 /* TrackListViewController.swift in Sources */ = {isa = PBXBuildFile; fileRef = 2CA4933F2B1A32F9007772F8 /* TrackListViewController.swift */; };
		2CA493452B1A32F9007772F8 /* Assets.xcassets in Resources */ = {isa = PBXBuildFile; fileRef = 2CA493442B1A32F9007772F8 /* Assets.xcassets */; };
		2CA493482B1A32F9007772F8 /* LaunchScreen.storyboard in Resources */ = {isa = PBXBuildFile; fileRef = 2CA493462B1A32F9007772F8 /* LaunchScreen.storyboard */; };
		2CA493542B1A4194007772F8 /* TrackModel.swift in Sources */ = {isa = PBXBuildFile; fileRef = 2CA493532B1A4194007772F8 /* TrackModel.swift */; };
		2CA493582B1A4A8A007772F8 /* TrackListTableViewCell.swift in Sources */ = {isa = PBXBuildFile; fileRef = 2CA493562B1A4A8A007772F8 /* TrackListTableViewCell.swift */; };
		2CA493602B1A6059007772F8 /* track2.mp3 in Resources */ = {isa = PBXBuildFile; fileRef = 2CA4935C2B1A6058007772F8 /* track2.mp3 */; };
		2CA493612B1A6059007772F8 /* track4.mp3 in Resources */ = {isa = PBXBuildFile; fileRef = 2CA4935D2B1A6059007772F8 /* track4.mp3 */; };
		2CA493622B1A6059007772F8 /* track3.mp3 in Resources */ = {isa = PBXBuildFile; fileRef = 2CA4935E2B1A6059007772F8 /* track3.mp3 */; };
		2CA493672B1A6183007772F8 /* TrackListViewModel.swift in Sources */ = {isa = PBXBuildFile; fileRef = 2CA493662B1A6183007772F8 /* TrackListViewModel.swift */; };
		2CA4936B2B1AF329007772F8 /* PlayerViewController.swift in Sources */ = {isa = PBXBuildFile; fileRef = 2CA4936A2B1AF328007772F8 /* PlayerViewController.swift */; };
		2CA4936D2B1AF9B2007772F8 /* PlayerView.swift in Sources */ = {isa = PBXBuildFile; fileRef = 2CA4936C2B1AF9B2007772F8 /* PlayerView.swift */; };
		2CA4936F2B1B2267007772F8 /* track1.mp3 in Resources */ = {isa = PBXBuildFile; fileRef = 2CA4936E2B1B2267007772F8 /* track1.mp3 */; };
/* End PBXBuildFile section */

/* Begin PBXFileReference section */
		2C06ED512B28C25700C44223 /* TrackListRouter.swift */ = {isa = PBXFileReference; lastKnownFileType = sourcecode.swift; path = TrackListRouter.swift; sourceTree = "<group>"; };
		2C06ED532B29FD4A00C44223 /* TrackListAssembly.swift */ = {isa = PBXFileReference; lastKnownFileType = sourcecode.swift; path = TrackListAssembly.swift; sourceTree = "<group>"; };
		2C06ED5D2B2B5AD800C44223 /* PlayerRouter.swift */ = {isa = PBXFileReference; lastKnownFileType = sourcecode.swift; path = PlayerRouter.swift; sourceTree = "<group>"; };
		2C06ED602B2B751000C44223 /* track5.mp3 */ = {isa = PBXFileReference; lastKnownFileType = audio.mp3; path = track5.mp3; sourceTree = "<group>"; };
		2C0E86B72B1C42970067E7BE /* PlayerViewModel.swift */ = {isa = PBXFileReference; lastKnownFileType = sourcecode.swift; path = PlayerViewModel.swift; sourceTree = "<group>"; };
		2C0E86B92B1C541E0067E7BE /* PlayerAssembly.swift */ = {isa = PBXFileReference; lastKnownFileType = sourcecode.swift; path = PlayerAssembly.swift; sourceTree = "<group>"; };
		2C463D632B24CB69002FC3BF /* PlayerService.swift */ = {isa = PBXFileReference; lastKnownFileType = sourcecode.swift; path = PlayerService.swift; sourceTree = "<group>"; };
		2CA493382B1A32F9007772F8 /* Audio Player.app */ = {isa = PBXFileReference; explicitFileType = wrapper.application; includeInIndex = 0; path = "Audio Player.app"; sourceTree = BUILT_PRODUCTS_DIR; };
		2CA4933B2B1A32F9007772F8 /* AppDelegate.swift */ = {isa = PBXFileReference; lastKnownFileType = sourcecode.swift; path = AppDelegate.swift; sourceTree = "<group>"; };
		2CA4933F2B1A32F9007772F8 /* TrackListViewController.swift */ = {isa = PBXFileReference; lastKnownFileType = sourcecode.swift; path = TrackListViewController.swift; sourceTree = "<group>"; };
		2CA493442B1A32F9007772F8 /* Assets.xcassets */ = {isa = PBXFileReference; lastKnownFileType = folder.assetcatalog; path = Assets.xcassets; sourceTree = "<group>"; };
		2CA493472B1A32F9007772F8 /* Base */ = {isa = PBXFileReference; lastKnownFileType = file.storyboard; name = Base; path = Base.lproj/LaunchScreen.storyboard; sourceTree = "<group>"; };
		2CA493492B1A32F9007772F8 /* Info.plist */ = {isa = PBXFileReference; lastKnownFileType = text.plist.xml; path = Info.plist; sourceTree = "<group>"; };
		2CA493532B1A4194007772F8 /* TrackModel.swift */ = {isa = PBXFileReference; lastKnownFileType = sourcecode.swift; path = TrackModel.swift; sourceTree = "<group>"; };
		2CA493562B1A4A8A007772F8 /* TrackListTableViewCell.swift */ = {isa = PBXFileReference; lastKnownFileType = sourcecode.swift; path = TrackListTableViewCell.swift; sourceTree = "<group>"; };
		2CA4935C2B1A6058007772F8 /* track2.mp3 */ = {isa = PBXFileReference; lastKnownFileType = audio.mp3; path = track2.mp3; sourceTree = "<group>"; };
		2CA4935D2B1A6059007772F8 /* track4.mp3 */ = {isa = PBXFileReference; lastKnownFileType = audio.mp3; path = track4.mp3; sourceTree = "<group>"; };
		2CA4935E2B1A6059007772F8 /* track3.mp3 */ = {isa = PBXFileReference; lastKnownFileType = audio.mp3; path = track3.mp3; sourceTree = "<group>"; };
		2CA493662B1A6183007772F8 /* TrackListViewModel.swift */ = {isa = PBXFileReference; lastKnownFileType = sourcecode.swift; path = TrackListViewModel.swift; sourceTree = "<group>"; };
		2CA4936A2B1AF328007772F8 /* PlayerViewController.swift */ = {isa = PBXFileReference; lastKnownFileType = sourcecode.swift; path = PlayerViewController.swift; sourceTree = "<group>"; };
		2CA4936C2B1AF9B2007772F8 /* PlayerView.swift */ = {isa = PBXFileReference; lastKnownFileType = sourcecode.swift; path = PlayerView.swift; sourceTree = "<group>"; };
		2CA4936E2B1B2267007772F8 /* track1.mp3 */ = {isa = PBXFileReference; lastKnownFileType = audio.mp3; path = track1.mp3; sourceTree = "<group>"; };
/* End PBXFileReference section */

/* Begin PBXFrameworksBuildPhase section */
		2CA493352B1A32F9007772F8 /* Frameworks */ = {
			isa = PBXFrameworksBuildPhase;
			buildActionMask = 2147483647;
			files = (
			);
			runOnlyForDeploymentPostprocessing = 0;
		};
/* End PBXFrameworksBuildPhase section */

/* Begin PBXGroup section */
		2C06ED552B2A091E00C44223 /* Router */ = {
			isa = PBXGroup;
			children = (
				2C06ED512B28C25700C44223 /* TrackListRouter.swift */,
			);
			path = Router;
			sourceTree = "<group>";
		};
		2C06ED562B2A092D00C44223 /* Assembly */ = {
			isa = PBXGroup;
			children = (
				2C06ED532B29FD4A00C44223 /* TrackListAssembly.swift */,
			);
			path = Assembly;
			sourceTree = "<group>";
		};
		2C06ED5F2B2B62B800C44223 /* Router */ = {
			isa = PBXGroup;
			children = (
				2C06ED5D2B2B5AD800C44223 /* PlayerRouter.swift */,
			);
			path = Router;
			sourceTree = "<group>";
		};
		2C0D4C532B1B4BF60077CE82 /* Services */ = {
			isa = PBXGroup;
			children = (
				2C463D632B24CB69002FC3BF /* PlayerService.swift */,
			);
			path = Services;
			sourceTree = "<group>";
		};
		2C71C5B52B1CF48700F16E8F /* View */ = {
			isa = PBXGroup;
			children = (
				2CA4936A2B1AF328007772F8 /* PlayerViewController.swift */,
				2CA4936C2B1AF9B2007772F8 /* PlayerView.swift */,
			);
			path = View;
			sourceTree = "<group>";
		};
		2C71C5B62B1CF4A400F16E8F /* ViewModel */ = {
			isa = PBXGroup;
			children = (
				2C0E86B72B1C42970067E7BE /* PlayerViewModel.swift */,
			);
			path = ViewModel;
			sourceTree = "<group>";
		};
		2C71C5B72B1CF4B000F16E8F /* Assembly */ = {
			isa = PBXGroup;
			children = (
				2C0E86B92B1C541E0067E7BE /* PlayerAssembly.swift */,
			);
			path = Assembly;
			sourceTree = "<group>";
		};
		2CA4932F2B1A32F8007772F8 = {
			isa = PBXGroup;
			children = (
				2CA4933A2B1A32F9007772F8 /* Audio Player */,
				2CA493392B1A32F9007772F8 /* Products */,
			);
			sourceTree = "<group>";
		};
		2CA493392B1A32F9007772F8 /* Products */ = {
			isa = PBXGroup;
			children = (
				2CA493382B1A32F9007772F8 /* Audio Player.app */,
			);
			name = Products;
			sourceTree = "<group>";
		};
		2CA4933A2B1A32F9007772F8 /* Audio Player */ = {
			isa = PBXGroup;
			children = (
				2CA4934F2B1A34E0007772F8 /* Application */,
				2CA493512B1A34FB007772F8 /* Resources */,
				2CA493522B1A350A007772F8 /* SupportingFiles */,
				2C0D4C532B1B4BF60077CE82 /* Services */,
				2CA493502B1A34EA007772F8 /* TrackListModule */,
				2CA493692B1AF2C5007772F8 /* PlayerModule */,
			);
			path = "Audio Player";
			sourceTree = "<group>";
		};
		2CA4934F2B1A34E0007772F8 /* Application */ = {
			isa = PBXGroup;
			children = (
				2CA4933B2B1A32F9007772F8 /* AppDelegate.swift */,
			);
			path = Application;
			sourceTree = "<group>";
		};
		2CA493502B1A34EA007772F8 /* TrackListModule */ = {
			isa = PBXGroup;
			children = (
				2CA493632B1A60B8007772F8 /* Model */,
				2CA493642B1A6103007772F8 /* View */,
				2CA493552B1A4A2A007772F8 /* Cell */,
				2CA493652B1A6124007772F8 /* ViewModel */,
				2C06ED552B2A091E00C44223 /* Router */,
				2C06ED562B2A092D00C44223 /* Assembly */,
			);
			path = TrackListModule;
			sourceTree = "<group>";
		};
		2CA493512B1A34FB007772F8 /* Resources */ = {
			isa = PBXGroup;
			children = (
				2CA4935A2B1A6020007772F8 /* Audio */,
				2CA493442B1A32F9007772F8 /* Assets.xcassets */,
			);
			path = Resources;
			sourceTree = "<group>";
		};
		2CA493522B1A350A007772F8 /* SupportingFiles */ = {
			isa = PBXGroup;
			children = (
				2CA493462B1A32F9007772F8 /* LaunchScreen.storyboard */,
				2CA493492B1A32F9007772F8 /* Info.plist */,
			);
			path = SupportingFiles;
			sourceTree = "<group>";
		};
		2CA493552B1A4A2A007772F8 /* Cell */ = {
			isa = PBXGroup;
			children = (
				2CA493562B1A4A8A007772F8 /* TrackListTableViewCell.swift */,
			);
			path = Cell;
			sourceTree = "<group>";
		};
		2CA4935A2B1A6020007772F8 /* Audio */ = {
			isa = PBXGroup;
			children = (
				2C06ED602B2B751000C44223 /* track5.mp3 */,
				2CA4936E2B1B2267007772F8 /* track1.mp3 */,
				2CA4935C2B1A6058007772F8 /* track2.mp3 */,
				2CA4935E2B1A6059007772F8 /* track3.mp3 */,
				2CA4935D2B1A6059007772F8 /* track4.mp3 */,
			);
			path = Audio;
			sourceTree = "<group>";
		};
		2CA493632B1A60B8007772F8 /* Model */ = {
			isa = PBXGroup;
			children = (
				2CA493532B1A4194007772F8 /* TrackModel.swift */,
			);
			path = Model;
			sourceTree = "<group>";
		};
		2CA493642B1A6103007772F8 /* View */ = {
			isa = PBXGroup;
			children = (
				2CA4933F2B1A32F9007772F8 /* TrackListViewController.swift */,
			);
			path = View;
			sourceTree = "<group>";
		};
		2CA493652B1A6124007772F8 /* ViewModel */ = {
			isa = PBXGroup;
			children = (
				2CA493662B1A6183007772F8 /* TrackListViewModel.swift */,
			);
			path = ViewModel;
			sourceTree = "<group>";
		};
		2CA493692B1AF2C5007772F8 /* PlayerModule */ = {
			isa = PBXGroup;
			children = (
				2C71C5B52B1CF48700F16E8F /* View */,
				2C71C5B62B1CF4A400F16E8F /* ViewModel */,
				2C71C5B72B1CF4B000F16E8F /* Assembly */,
				2C06ED5F2B2B62B800C44223 /* Router */,
			);
			path = PlayerModule;
			sourceTree = "<group>";
		};
/* End PBXGroup section */

/* Begin PBXNativeTarget section */
		2CA493372B1A32F9007772F8 /* Audio Player */ = {
			isa = PBXNativeTarget;
			buildConfigurationList = 2CA4934C2B1A32F9007772F8 /* Build configuration list for PBXNativeTarget "Audio Player" */;
			buildPhases = (
				2CA493342B1A32F9007772F8 /* Sources */,
				2CA493352B1A32F9007772F8 /* Frameworks */,
				2CA493362B1A32F9007772F8 /* Resources */,
			);
			buildRules = (
			);
			dependencies = (
			);
			name = "Audio Player";
			productName = "Audio Player";
			productReference = 2CA493382B1A32F9007772F8 /* Audio Player.app */;
			productType = "com.apple.product-type.application";
		};
/* End PBXNativeTarget section */

/* Begin PBXProject section */
		2CA493302B1A32F8007772F8 /* Project object */ = {
			isa = PBXProject;
			attributes = {
				BuildIndependentTargetsInParallel = 1;
				LastSwiftUpdateCheck = 1500;
				LastUpgradeCheck = 1500;
				TargetAttributes = {
					2CA493372B1A32F9007772F8 = {
						CreatedOnToolsVersion = 15.0.1;
					};
				};
			};
			buildConfigurationList = 2CA493332B1A32F8007772F8 /* Build configuration list for PBXProject "Audio Player" */;
			compatibilityVersion = "Xcode 14.0";
			developmentRegion = en;
			hasScannedForEncodings = 0;
			knownRegions = (
				en,
				Base,
			);
			mainGroup = 2CA4932F2B1A32F8007772F8;
			productRefGroup = 2CA493392B1A32F9007772F8 /* Products */;
			projectDirPath = "";
			projectRoot = "";
			targets = (
				2CA493372B1A32F9007772F8 /* Audio Player */,
			);
		};
/* End PBXProject section */

/* Begin PBXResourcesBuildPhase section */
		2CA493362B1A32F9007772F8 /* Resources */ = {
			isa = PBXResourcesBuildPhase;
			buildActionMask = 2147483647;
			files = (
				2CA493622B1A6059007772F8 /* track3.mp3 in Resources */,
				2C06ED612B2B751000C44223 /* track5.mp3 in Resources */,
				2CA493482B1A32F9007772F8 /* LaunchScreen.storyboard in Resources */,
				2CA493602B1A6059007772F8 /* track2.mp3 in Resources */,
				2CA493612B1A6059007772F8 /* track4.mp3 in Resources */,
				2CA493452B1A32F9007772F8 /* Assets.xcassets in Resources */,
				2CA4936F2B1B2267007772F8 /* track1.mp3 in Resources */,
			);
			runOnlyForDeploymentPostprocessing = 0;
		};
/* End PBXResourcesBuildPhase section */

/* Begin PBXSourcesBuildPhase section */
		2CA493342B1A32F9007772F8 /* Sources */ = {
			isa = PBXSourcesBuildPhase;
			buildActionMask = 2147483647;
			files = (
				2CA493402B1A32F9007772F8 /* TrackListViewController.swift in Sources */,
				2CA493542B1A4194007772F8 /* TrackModel.swift in Sources */,
				2CA4933C2B1A32F9007772F8 /* AppDelegate.swift in Sources */,
				2CA4936D2B1AF9B2007772F8 /* PlayerView.swift in Sources */,
				2CA4936B2B1AF329007772F8 /* PlayerViewController.swift in Sources */,
				2C06ED542B29FD4A00C44223 /* TrackListAssembly.swift in Sources */,
				2C463D642B24CB69002FC3BF /* PlayerService.swift in Sources */,
				2C0E86B82B1C42970067E7BE /* PlayerViewModel.swift in Sources */,
				2CA493672B1A6183007772F8 /* TrackListViewModel.swift in Sources */,
				2C0E86BA2B1C541E0067E7BE /* PlayerAssembly.swift in Sources */,
				2C06ED522B28C25700C44223 /* TrackListRouter.swift in Sources */,
				2CA493582B1A4A8A007772F8 /* TrackListTableViewCell.swift in Sources */,
				2C06ED5E2B2B5AD800C44223 /* PlayerRouter.swift in Sources */,
			);
			runOnlyForDeploymentPostprocessing = 0;
		};
/* End PBXSourcesBuildPhase section */

/* Begin PBXVariantGroup section */
		2CA493462B1A32F9007772F8 /* LaunchScreen.storyboard */ = {
			isa = PBXVariantGroup;
			children = (
				2CA493472B1A32F9007772F8 /* Base */,
			);
			name = LaunchScreen.storyboard;
			sourceTree = "<group>";
		};
/* End PBXVariantGroup section */

/* Begin XCBuildConfiguration section */
		2CA4934A2B1A32F9007772F8 /* Debug */ = {
			isa = XCBuildConfiguration;
			buildSettings = {
				ALWAYS_SEARCH_USER_PATHS = NO;
				ASSETCATALOG_COMPILER_GENERATE_SWIFT_ASSET_SYMBOL_EXTENSIONS = YES;
				CLANG_ANALYZER_NONNULL = YES;
				CLANG_ANALYZER_NUMBER_OBJECT_CONVERSION = YES_AGGRESSIVE;
				CLANG_CXX_LANGUAGE_STANDARD = "gnu++20";
				CLANG_ENABLE_MODULES = YES;
				CLANG_ENABLE_OBJC_ARC = YES;
				CLANG_ENABLE_OBJC_WEAK = YES;
				CLANG_WARN_BLOCK_CAPTURE_AUTORELEASING = YES;
				CLANG_WARN_BOOL_CONVERSION = YES;
				CLANG_WARN_COMMA = YES;
				CLANG_WARN_CONSTANT_CONVERSION = YES;
				CLANG_WARN_DEPRECATED_OBJC_IMPLEMENTATIONS = YES;
				CLANG_WARN_DIRECT_OBJC_ISA_USAGE = YES_ERROR;
				CLANG_WARN_DOCUMENTATION_COMMENTS = YES;
				CLANG_WARN_EMPTY_BODY = YES;
				CLANG_WARN_ENUM_CONVERSION = YES;
				CLANG_WARN_INFINITE_RECURSION = YES;
				CLANG_WARN_INT_CONVERSION = YES;
				CLANG_WARN_NON_LITERAL_NULL_CONVERSION = YES;
				CLANG_WARN_OBJC_IMPLICIT_RETAIN_SELF = YES;
				CLANG_WARN_OBJC_LITERAL_CONVERSION = YES;
				CLANG_WARN_OBJC_ROOT_CLASS = YES_ERROR;
				CLANG_WARN_QUOTED_INCLUDE_IN_FRAMEWORK_HEADER = YES;
				CLANG_WARN_RANGE_LOOP_ANALYSIS = YES;
				CLANG_WARN_STRICT_PROTOTYPES = YES;
				CLANG_WARN_SUSPICIOUS_MOVE = YES;
				CLANG_WARN_UNGUARDED_AVAILABILITY = YES_AGGRESSIVE;
				CLANG_WARN_UNREACHABLE_CODE = YES;
				CLANG_WARN__DUPLICATE_METHOD_MATCH = YES;
				COPY_PHASE_STRIP = NO;
				DEBUG_INFORMATION_FORMAT = dwarf;
				ENABLE_STRICT_OBJC_MSGSEND = YES;
				ENABLE_TESTABILITY = YES;
				ENABLE_USER_SCRIPT_SANDBOXING = YES;
				GCC_C_LANGUAGE_STANDARD = gnu17;
				GCC_DYNAMIC_NO_PIC = NO;
				GCC_NO_COMMON_BLOCKS = YES;
				GCC_OPTIMIZATION_LEVEL = 0;
				GCC_PREPROCESSOR_DEFINITIONS = (
					"DEBUG=1",
					"$(inherited)",
				);
				GCC_WARN_64_TO_32_BIT_CONVERSION = YES;
				GCC_WARN_ABOUT_RETURN_TYPE = YES_ERROR;
				GCC_WARN_UNDECLARED_SELECTOR = YES;
				GCC_WARN_UNINITIALIZED_AUTOS = YES_AGGRESSIVE;
				GCC_WARN_UNUSED_FUNCTION = YES;
				GCC_WARN_UNUSED_VARIABLE = YES;
				IPHONEOS_DEPLOYMENT_TARGET = 15.0;
				LOCALIZATION_PREFERS_STRING_CATALOGS = YES;
				MTL_ENABLE_DEBUG_INFO = INCLUDE_SOURCE;
				MTL_FAST_MATH = YES;
				ONLY_ACTIVE_ARCH = YES;
				SDKROOT = iphoneos;
				SWIFT_ACTIVE_COMPILATION_CONDITIONS = "DEBUG $(inherited)";
				SWIFT_OPTIMIZATION_LEVEL = "-Onone";
			};
			name = Debug;
		};
		2CA4934B2B1A32F9007772F8 /* Release */ = {
			isa = XCBuildConfiguration;
			buildSettings = {
				ALWAYS_SEARCH_USER_PATHS = NO;
				ASSETCATALOG_COMPILER_GENERATE_SWIFT_ASSET_SYMBOL_EXTENSIONS = YES;
				CLANG_ANALYZER_NONNULL = YES;
				CLANG_ANALYZER_NUMBER_OBJECT_CONVERSION = YES_AGGRESSIVE;
				CLANG_CXX_LANGUAGE_STANDARD = "gnu++20";
				CLANG_ENABLE_MODULES = YES;
				CLANG_ENABLE_OBJC_ARC = YES;
				CLANG_ENABLE_OBJC_WEAK = YES;
				CLANG_WARN_BLOCK_CAPTURE_AUTORELEASING = YES;
				CLANG_WARN_BOOL_CONVERSION = YES;
				CLANG_WARN_COMMA = YES;
				CLANG_WARN_CONSTANT_CONVERSION = YES;
				CLANG_WARN_DEPRECATED_OBJC_IMPLEMENTATIONS = YES;
				CLANG_WARN_DIRECT_OBJC_ISA_USAGE = YES_ERROR;
				CLANG_WARN_DOCUMENTATION_COMMENTS = YES;
				CLANG_WARN_EMPTY_BODY = YES;
				CLANG_WARN_ENUM_CONVERSION = YES;
				CLANG_WARN_INFINITE_RECURSION = YES;
				CLANG_WARN_INT_CONVERSION = YES;
				CLANG_WARN_NON_LITERAL_NULL_CONVERSION = YES;
				CLANG_WARN_OBJC_IMPLICIT_RETAIN_SELF = YES;
				CLANG_WARN_OBJC_LITERAL_CONVERSION = YES;
				CLANG_WARN_OBJC_ROOT_CLASS = YES_ERROR;
				CLANG_WARN_QUOTED_INCLUDE_IN_FRAMEWORK_HEADER = YES;
				CLANG_WARN_RANGE_LOOP_ANALYSIS = YES;
				CLANG_WARN_STRICT_PROTOTYPES = YES;
				CLANG_WARN_SUSPICIOUS_MOVE = YES;
				CLANG_WARN_UNGUARDED_AVAILABILITY = YES_AGGRESSIVE;
				CLANG_WARN_UNREACHABLE_CODE = YES;
				CLANG_WARN__DUPLICATE_METHOD_MATCH = YES;
				COPY_PHASE_STRIP = NO;
				DEBUG_INFORMATION_FORMAT = "dwarf-with-dsym";
				ENABLE_NS_ASSERTIONS = NO;
				ENABLE_STRICT_OBJC_MSGSEND = YES;
				ENABLE_USER_SCRIPT_SANDBOXING = YES;
				GCC_C_LANGUAGE_STANDARD = gnu17;
				GCC_NO_COMMON_BLOCKS = YES;
				GCC_WARN_64_TO_32_BIT_CONVERSION = YES;
				GCC_WARN_ABOUT_RETURN_TYPE = YES_ERROR;
				GCC_WARN_UNDECLARED_SELECTOR = YES;
				GCC_WARN_UNINITIALIZED_AUTOS = YES_AGGRESSIVE;
				GCC_WARN_UNUSED_FUNCTION = YES;
				GCC_WARN_UNUSED_VARIABLE = YES;
				IPHONEOS_DEPLOYMENT_TARGET = 15.0;
				LOCALIZATION_PREFERS_STRING_CATALOGS = YES;
				MTL_ENABLE_DEBUG_INFO = NO;
				MTL_FAST_MATH = YES;
				SDKROOT = iphoneos;
				SWIFT_COMPILATION_MODE = wholemodule;
				VALIDATE_PRODUCT = YES;
			};
			name = Release;
		};
		2CA4934D2B1A32F9007772F8 /* Debug */ = {
			isa = XCBuildConfiguration;
			buildSettings = {
				ASSETCATALOG_COMPILER_APPICON_NAME = AppIcon;
				ASSETCATALOG_COMPILER_GLOBAL_ACCENT_COLOR_NAME = AccentColor;
				CODE_SIGN_STYLE = Automatic;
				CURRENT_PROJECT_VERSION = 1;
				DEVELOPMENT_TEAM = CV78LQALG6;
				GENERATE_INFOPLIST_FILE = YES;
				INFOPLIST_FILE = "Audio Player/SupportingFiles/Info.plist";
				INFOPLIST_KEY_LSApplicationCategoryType = "public.app-category.music";
				INFOPLIST_KEY_UIApplicationSupportsIndirectInputEvents = YES;
				INFOPLIST_KEY_UILaunchStoryboardName = LaunchScreen;
				INFOPLIST_KEY_UISupportedInterfaceOrientations = UIInterfaceOrientationPortrait;
				INFOPLIST_KEY_UISupportedInterfaceOrientations_iPad = "UIInterfaceOrientationLandscapeLeft UIInterfaceOrientationLandscapeRight UIInterfaceOrientationPortrait UIInterfaceOrientationPortraitUpsideDown";
				IPHONEOS_DEPLOYMENT_TARGET = 15.0;
				LD_RUNPATH_SEARCH_PATHS = (
					"$(inherited)",
					"@executable_path/Frameworks",
				);
				MARKETING_VERSION = 1.0;
				PRODUCT_BUNDLE_IDENTIFIER = "com.SkokDmitriy.Audio-Player";
				PRODUCT_NAME = "$(TARGET_NAME)";
				SUPPORTED_PLATFORMS = "iphoneos iphonesimulator";
				SUPPORTS_MACCATALYST = NO;
				SUPPORTS_MAC_DESIGNED_FOR_IPHONE_IPAD = NO;
				SWIFT_EMIT_LOC_STRINGS = YES;
				SWIFT_VERSION = 5.0;
				TARGETED_DEVICE_FAMILY = 1;
			};
			name = Debug;
		};
		2CA4934E2B1A32F9007772F8 /* Release */ = {
			isa = XCBuildConfiguration;
			buildSettings = {
				ASSETCATALOG_COMPILER_APPICON_NAME = AppIcon;
				ASSETCATALOG_COMPILER_GLOBAL_ACCENT_COLOR_NAME = AccentColor;
				CODE_SIGN_STYLE = Automatic;
				CURRENT_PROJECT_VERSION = 1;
				DEVELOPMENT_TEAM = CV78LQALG6;
				GENERATE_INFOPLIST_FILE = YES;
				INFOPLIST_FILE = "Audio Player/SupportingFiles/Info.plist";
				INFOPLIST_KEY_LSApplicationCategoryType = "public.app-category.music";
				INFOPLIST_KEY_UIApplicationSupportsIndirectInputEvents = YES;
				INFOPLIST_KEY_UILaunchStoryboardName = LaunchScreen;
				INFOPLIST_KEY_UISupportedInterfaceOrientations = UIInterfaceOrientationPortrait;
				INFOPLIST_KEY_UISupportedInterfaceOrientations_iPad = "UIInterfaceOrientationLandscapeLeft UIInterfaceOrientationLandscapeRight UIInterfaceOrientationPortrait UIInterfaceOrientationPortraitUpsideDown";
				IPHONEOS_DEPLOYMENT_TARGET = 15.0;
				LD_RUNPATH_SEARCH_PATHS = (
					"$(inherited)",
					"@executable_path/Frameworks",
				);
				MARKETING_VERSION = 1.0;
				PRODUCT_BUNDLE_IDENTIFIER = "com.SkokDmitriy.Audio-Player";
				PRODUCT_NAME = "$(TARGET_NAME)";
				SUPPORTED_PLATFORMS = "iphoneos iphonesimulator";
				SUPPORTS_MACCATALYST = NO;
				SUPPORTS_MAC_DESIGNED_FOR_IPHONE_IPAD = NO;
				SWIFT_EMIT_LOC_STRINGS = YES;
				SWIFT_VERSION = 5.0;
				TARGETED_DEVICE_FAMILY = 1;
			};
			name = Release;
		};
/* End XCBuildConfiguration section */

/* Begin XCConfigurationList section */
		2CA493332B1A32F8007772F8 /* Build configuration list for PBXProject "Audio Player" */ = {
			isa = XCConfigurationList;
			buildConfigurations = (
				2CA4934A2B1A32F9007772F8 /* Debug */,
				2CA4934B2B1A32F9007772F8 /* Release */,
			);
			defaultConfigurationIsVisible = 0;
			defaultConfigurationName = Release;
		};
		2CA4934C2B1A32F9007772F8 /* Build configuration list for PBXNativeTarget "Audio Player" */ = {
			isa = XCConfigurationList;
			buildConfigurations = (
				2CA4934D2B1A32F9007772F8 /* Debug */,
				2CA4934E2B1A32F9007772F8 /* Release */,
			);
			defaultConfigurationIsVisible = 0;
			defaultConfigurationName = Release;
		};
/* End XCConfigurationList section */
	};
	rootObject = 2CA493302B1A32F8007772F8 /* Project object */;
}
